<?xml version="1.0" encoding="utf-8"?>
<Project ToolsVersion="4.0" xmlns="http://schemas.microsoft.com/developer/msbuild/2003">
  <ItemGroup>
    <Filter Include="Source Files">
      <UniqueIdentifier>{4FC737F1-C7A5-4376-A066-2A32D752A2FF}</UniqueIdentifier>
      <Extensions>cpp;c;cc;cxx;def;odl;idl;hpj;bat;asm;asmx</Extensions>
    </Filter>
    <Filter Include="Header Files">
      <UniqueIdentifier>{93995380-89BD-4b04-88EB-625FBE52EBFB}</UniqueIdentifier>
      <Extensions>h;hh;hpp;hxx;hm;inl;inc;xsd</Extensions>
    </Filter>
    <Filter Include="Resource Files">
      <UniqueIdentifier>{67DA6AB6-F800-4c08-8B7A-83BB121AAD01}</UniqueIdentifier>
      <Extensions>rc;ico;cur;bmp;dlg;rc2;rct;bin;rgs;gif;jpg;jpeg;jpe;resx;tiff;tif;png;wav;mfcribbon-ms</Extensions>
    </Filter>
  </ItemGroup>
  <ItemGroup>
    <ClCompile Include="..\main.cpp">
      <Filter>Source Files</Filter>
    </ClCompile>
    <ClCompile Include="ecena\escena.cpp">
      <Filter>Source Files</Filter>
    </ClCompile>
    <ClCompile Include="utilidades\vector3.cpp">
      <Filter>Source Files</Filter>
    </ClCompile>
    <ClCompile Include="ecena\camara.cpp">
      <Filter>Source Files</Filter>
    </ClCompile>
    <ClCompile Include="ray_tracing\rayo.cpp">
      <Filter>Source Files</Filter>
    </ClCompile>
    <ClCompile Include="render\renderr.cpp">
      <Filter>Source Files</Filter>
    </ClCompile>
    <ClCompile Include="render\imagen.cpp">
      <Filter>Source Files</Filter>
    </ClCompile>
    <ClCompile Include="render\pixel.cpp">
      <Filter>Source Files</Filter>
    </ClCompile>
    <ClCompile Include="utilidades\vector2.cpp">
      <Filter>Source Files</Filter>
    </ClCompile>
    <ClCompile Include="luz.cpp">
      <Filter>Source Files</Filter>
    </ClCompile>
    <ClCompile Include="esenas\parceo.cpp">
      <Filter>Source Files</Filter>
    </ClCompile>
    <ClCompile Include="esenas\tinyxml2.cpp">
      <Filter>Source Files</Filter>
    </ClCompile>
    <ClCompile Include="utilidades\color.cpp">
      <Filter>Source Files</Filter>
    </ClCompile>
    <ClCompile Include="objetos\objeto.cpp">
      <Filter>Source Files</Filter>
    </ClCompile>
    <ClCompile Include="objetos\pared.cpp">
      <Filter>Source Files</Filter>
    </ClCompile>
    <ClCompile Include="objetos\Esfera.cpp">
      <Filter>Source Files</Filter>
    </ClCompile>
    <ClCompile Include="objetos\mesa.cpp">
      <Filter>Source Files</Filter>
    </ClCompile>
    <ClCompile Include="objetos\cili.cpp">
      <Filter>Source Files</Filter>
    </ClCompile>
    <ClCompile Include="cil.cpp">
      <Filter>Source Files</Filter>
    </ClCompile>
  </ItemGroup>
  <ItemGroup>
    <ClInclude Include="ecena\escena.h">
      <Filter>Header Files</Filter>
    </ClInclude>
    <ClInclude Include="utilidades\vector3.h">
      <Filter>Header Files</Filter>
    </ClInclude>
    <ClInclude Include="ecena\camara.h">
      <Filter>Header Files</Filter>
    </ClInclude>
    <ClInclude Include="ray_tracing\rayo.h">
      <Filter>Header Files</Filter>
    </ClInclude>
    <ClInclude Include="render\renderr.h">
      <Filter>Header Files</Filter>
    </ClInclude>
    <ClInclude Include="render\imagen.h">
      <Filter>Header Files</Filter>
    </ClInclude>
    <ClInclude Include="render\pixel.h">
      <Filter>Header Files</Filter>
    </ClInclude>
    <ClInclude Include="utilidades\vector2.h">
      <Filter>Header Files</Filter>
    </ClInclude>
    <ClInclude Include="luz.h">
      <Filter>Header Files</Filter>
    </ClInclude>
    <ClInclude Include="esenas\parceo.h">
      <Filter>Header Files</Filter>
    </ClInclude>
    <ClInclude Include="esenas\tinyxml2.h">
      <Filter>Header Files</Filter>
    </ClInclude>
    <ClInclude Include="utilidades\color.h">
      <Filter>Header Files</Filter>
    </ClInclude>
    <ClInclude Include="objetos\objeto.h">
      <Filter>Header Files</Filter>
    </ClInclude>
    <ClInclude Include="objetos\pared.h">
      <Filter>Header Files</Filter>
    </ClInclude>
    <ClInclude Include="objetos\Esfera.h">
      <Filter>Header Files</Filter>
    </ClInclude>
    <ClInclude Include="objetos\mesa.h">
      <Filter>Header Files</Filter>
    </ClInclude>
    <ClInclude Include="objetos\cili.h">
      <Filter>Header Files</Filter>
    </ClInclude>
    <ClInclude Include="cil.h">
      <Filter>Header Files</Filter>
    </ClInclude>
  </ItemGroup>
</Project>